
Microsoft Visual Studio Solution File, Format Version 12.00
# Visual Studio Version 18
VisualStudioVersion = 18.0.11222.15
MinimumVisualStudioVersion = 10.0.40219.1
Project("{FAE04EC0-301F-11D3-BF4B-00C04F79EFBC}") = "thx0s", "thx0s.csproj", "{EC5AD012-6358-43F3-9EFA-6CAE1649DA32}"
EndProject
Global
	GlobalSection(SolutionConfigurationPlatforms) = preSolution
		Debug|Any CPU = Debug|Any CPU
		Release|Any CPU = Release|Any CPU
	EndGlobalSection
	GlobalSection(ProjectConfigurationPlatforms) = postSolution
		{EC5AD012-6358-43F3-9EFA-6CAE1649DA32}.Debug|Any CPU.ActiveCfg = Debug|Any CPU
		{EC5AD012-6358-43F3-9EFA-6CAE1649DA32}.Debug|Any CPU.Build.0 = Debug|Any CPU
		{EC5AD012-6358-43F3-9EFA-6CAE1649DA32}.Release|Any CPU.ActiveCfg = Release|Any CPU
		{EC5AD012-6358-43F3-9EFA-6CAE1649DA32}.Release|Any CPU.Build.0 = Release|Any CPU
	EndGlobalSection
	GlobalSection(SolutionProperties) = preSolution
		HideSolutionNode = FALSE
	EndGlobalSection
	GlobalSection(ExtensibilityGlobals) = postSolution
		SolutionGuid = {747E56B4-1A27-42D9-8CD0-C926A9532039}
	EndGlobalSection
EndGlobal
